// !$*UTF8*$!
{
	archiveVersion = 1;
	classes = {
	};
	objectVersion = 46;
	objects = {

/* Begin PBXBuildFile section */
		353D6F0C1D2519D200F9CBA2 /* AppDelegate.swift in Sources */ = {isa = PBXBuildFile; fileRef = 353D6F0B1D2519D200F9CBA2 /* AppDelegate.swift */; };
		353D6F131D2519D200F9CBA2 /* Assets.xcassets in Resources */ = {isa = PBXBuildFile; fileRef = 353D6F121D2519D200F9CBA2 /* Assets.xcassets */; };
		353D6F211D2519D200F9CBA2 /* swift_weiboTests.swift in Sources */ = {isa = PBXBuildFile; fileRef = 353D6F201D2519D200F9CBA2 /* swift_weiboTests.swift */; };
		353D6F2C1D2519D200F9CBA2 /* swift_weiboUITests.swift in Sources */ = {isa = PBXBuildFile; fileRef = 353D6F2B1D2519D200F9CBA2 /* swift_weiboUITests.swift */; };
		3568D8091D2C997F0042C448 /* OAuth.storyboard in Resources */ = {isa = PBXBuildFile; fileRef = 3568D8081D2C997F0042C448 /* OAuth.storyboard */; };
		3568D80B1D2C999C0042C448 /* OAuthViewController.swift in Sources */ = {isa = PBXBuildFile; fileRef = 3568D80A1D2C999C0042C448 /* OAuthViewController.swift */; };
		3568D8181D2CAB9D0042C448 /* SVIndefiniteAnimatedView.m in Sources */ = {isa = PBXBuildFile; fileRef = 3568D80F1D2CAB9D0042C448 /* SVIndefiniteAnimatedView.m */; };
		3568D8191D2CAB9D0042C448 /* SVProgressAnimatedView.m in Sources */ = {isa = PBXBuildFile; fileRef = 3568D8111D2CAB9D0042C448 /* SVProgressAnimatedView.m */; };
		3568D81A1D2CAB9D0042C448 /* SVProgressHUD.bundle in Resources */ = {isa = PBXBuildFile; fileRef = 3568D8131D2CAB9D0042C448 /* SVProgressHUD.bundle */; };
		3568D81B1D2CAB9D0042C448 /* SVProgressHUD.m in Sources */ = {isa = PBXBuildFile; fileRef = 3568D8151D2CAB9D0042C448 /* SVProgressHUD.m */; };
		3568D81C1D2CAB9D0042C448 /* SVRadialGradientLayer.m in Sources */ = {isa = PBXBuildFile; fileRef = 3568D8171D2CAB9D0042C448 /* SVRadialGradientLayer.m */; };
		3568D81E1D2CD5A30042C448 /* UserAccount.swift in Sources */ = {isa = PBXBuildFile; fileRef = 3568D81D1D2CD5A30042C448 /* UserAccount.swift */; };
		356F96CE1D263BD800AF8E1D /* MainTabbar.swift in Sources */ = {isa = PBXBuildFile; fileRef = 356F96CD1D263BD800AF8E1D /* MainTabbar.swift */; };
		356F96D01D26632700AF8E1D /* BaseTableViewController.swift in Sources */ = {isa = PBXBuildFile; fileRef = 356F96CF1D26632700AF8E1D /* BaseTableViewController.swift */; };
		356F96D21D26661E00AF8E1D /* VistorLoginView.xib in Resources */ = {isa = PBXBuildFile; fileRef = 356F96D11D26661E00AF8E1D /* VistorLoginView.xib */; };
		357C4A331D252308008D2B11 /* MainViewController.swift in Sources */ = {isa = PBXBuildFile; fileRef = 357C4A321D252308008D2B11 /* MainViewController.swift */; };
		357C4A351D252332008D2B11 /* Main.storyboard in Resources */ = {isa = PBXBuildFile; fileRef = 357C4A341D252332008D2B11 /* Main.storyboard */; };
		357C4A371D2524BE008D2B11 /* Home.storyboard in Resources */ = {isa = PBXBuildFile; fileRef = 357C4A361D2524BE008D2B11 /* Home.storyboard */; };
		357C4A391D2524F3008D2B11 /* HomeViewController.swift in Sources */ = {isa = PBXBuildFile; fileRef = 357C4A381D2524F3008D2B11 /* HomeViewController.swift */; };
		357C4A3B1D2525EF008D2B11 /* MessageViewController.swift in Sources */ = {isa = PBXBuildFile; fileRef = 357C4A3A1D2525EF008D2B11 /* MessageViewController.swift */; };
		357C4A3D1D2525F8008D2B11 /* Message.storyboard in Resources */ = {isa = PBXBuildFile; fileRef = 357C4A3C1D2525F8008D2B11 /* Message.storyboard */; };
		357C4A3F1D252611008D2B11 /* Compose.storyboard in Resources */ = {isa = PBXBuildFile; fileRef = 357C4A3E1D252611008D2B11 /* Compose.storyboard */; };
		357C4A431D252658008D2B11 /* ComposeViewController.swift in Sources */ = {isa = PBXBuildFile; fileRef = 357C4A421D252658008D2B11 /* ComposeViewController.swift */; };
		357C4A451D252675008D2B11 /* DiscoverViewController.swift in Sources */ = {isa = PBXBuildFile; fileRef = 357C4A441D252675008D2B11 /* DiscoverViewController.swift */; };
		357C4A471D25267E008D2B11 /* Discover.storyboard in Resources */ = {isa = PBXBuildFile; fileRef = 357C4A461D25267E008D2B11 /* Discover.storyboard */; };
		357C4A491D252689008D2B11 /* Profile.storyboard in Resources */ = {isa = PBXBuildFile; fileRef = 357C4A481D252689008D2B11 /* Profile.storyboard */; };
		357C4A4B1D2526A2008D2B11 /* ProfileTableViewController.swift in Sources */ = {isa = PBXBuildFile; fileRef = 357C4A4A1D2526A2008D2B11 /* ProfileTableViewController.swift */; };
		358306091D2B8A1D0074D497 /* Alamofire.swift in Sources */ = {isa = PBXBuildFile; fileRef = 358305F61D2B8A1D0074D497 /* Alamofire.swift */; };
		3583060A1D2B8A1D0074D497 /* Download.swift in Sources */ = {isa = PBXBuildFile; fileRef = 358305F71D2B8A1D0074D497 /* Download.swift */; };
		3583060B1D2B8A1D0074D497 /* Error.swift in Sources */ = {isa = PBXBuildFile; fileRef = 358305F81D2B8A1D0074D497 /* Error.swift */; };
		3583060C1D2B8A1D0074D497 /* Info-tvOS.plist in Resources */ = {isa = PBXBuildFile; fileRef = 358305F91D2B8A1D0074D497 /* Info-tvOS.plist */; };
		3583060D1D2B8A1D0074D497 /* Info.plist in Resources */ = {isa = PBXBuildFile; fileRef = 358305FA1D2B8A1D0074D497 /* Info.plist */; };
		3583060E1D2B8A1D0074D497 /* Manager.swift in Sources */ = {isa = PBXBuildFile; fileRef = 358305FB1D2B8A1D0074D497 /* Manager.swift */; };
		3583060F1D2B8A1D0074D497 /* MultipartFormData.swift in Sources */ = {isa = PBXBuildFile; fileRef = 358305FC1D2B8A1D0074D497 /* MultipartFormData.swift */; };
		358306101D2B8A1D0074D497 /* NetworkReachabilityManager.swift in Sources */ = {isa = PBXBuildFile; fileRef = 358305FD1D2B8A1D0074D497 /* NetworkReachabilityManager.swift */; };
		358306111D2B8A1D0074D497 /* Notifications.swift in Sources */ = {isa = PBXBuildFile; fileRef = 358305FE1D2B8A1D0074D497 /* Notifications.swift */; };
		358306121D2B8A1D0074D497 /* ParameterEncoding.swift in Sources */ = {isa = PBXBuildFile; fileRef = 358305FF1D2B8A1D0074D497 /* ParameterEncoding.swift */; };
		358306131D2B8A1D0074D497 /* Request.swift in Sources */ = {isa = PBXBuildFile; fileRef = 358306001D2B8A1D0074D497 /* Request.swift */; };
		358306141D2B8A1D0074D497 /* Response.swift in Sources */ = {isa = PBXBuildFile; fileRef = 358306011D2B8A1D0074D497 /* Response.swift */; };
		358306151D2B8A1D0074D497 /* ResponseSerialization.swift in Sources */ = {isa = PBXBuildFile; fileRef = 358306021D2B8A1D0074D497 /* ResponseSerialization.swift */; };
		358306161D2B8A1D0074D497 /* Result.swift in Sources */ = {isa = PBXBuildFile; fileRef = 358306031D2B8A1D0074D497 /* Result.swift */; };
		358306171D2B8A1D0074D497 /* ServerTrustPolicy.swift in Sources */ = {isa = PBXBuildFile; fileRef = 358306041D2B8A1D0074D497 /* ServerTrustPolicy.swift */; };
		358306181D2B8A1D0074D497 /* Stream.swift in Sources */ = {isa = PBXBuildFile; fileRef = 358306051D2B8A1D0074D497 /* Stream.swift */; };
		358306191D2B8A1D0074D497 /* Timeline.swift in Sources */ = {isa = PBXBuildFile; fileRef = 358306061D2B8A1D0074D497 /* Timeline.swift */; };
		3583061A1D2B8A1D0074D497 /* Upload.swift in Sources */ = {isa = PBXBuildFile; fileRef = 358306071D2B8A1D0074D497 /* Upload.swift */; };
		3583061B1D2B8A1D0074D497 /* Validation.swift in Sources */ = {isa = PBXBuildFile; fileRef = 358306081D2B8A1D0074D497 /* Validation.swift */; };
		35F747FC1D2A5A1E00DF7E31 /* VistorLoginView.swift in Sources */ = {isa = PBXBuildFile; fileRef = 35F747FB1D2A5A1E00DF7E31 /* VistorLoginView.swift */; };
/* End PBXBuildFile section */

/* Begin PBXContainerItemProxy section */
		353D6F1D1D2519D200F9CBA2 /* PBXContainerItemProxy */ = {
			isa = PBXContainerItemProxy;
			containerPortal = 353D6F001D2519D200F9CBA2 /* Project object */;
			proxyType = 1;
			remoteGlobalIDString = 353D6F071D2519D200F9CBA2;
			remoteInfo = "swift-weibo";
		};
		353D6F281D2519D200F9CBA2 /* PBXContainerItemProxy */ = {
			isa = PBXContainerItemProxy;
			containerPortal = 353D6F001D2519D200F9CBA2 /* Project object */;
			proxyType = 1;
			remoteGlobalIDString = 353D6F071D2519D200F9CBA2;
			remoteInfo = "swift-weibo";
		};
/* End PBXContainerItemProxy section */

/* Begin PBXFileReference section */
		353D6F081D2519D200F9CBA2 /* swift-weibo.app */ = {isa = PBXFileReference; explicitFileType = wrapper.application; includeInIndex = 0; path = "swift-weibo.app"; sourceTree = BUILT_PRODUCTS_DIR; };
		353D6F0B1D2519D200F9CBA2 /* AppDelegate.swift */ = {isa = PBXFileReference; lastKnownFileType = sourcecode.swift; path = AppDelegate.swift; sourceTree = "<group>"; };
		353D6F121D2519D200F9CBA2 /* Assets.xcassets */ = {isa = PBXFileReference; lastKnownFileType = folder.assetcatalog; path = Assets.xcassets; sourceTree = "<group>"; };
		353D6F171D2519D200F9CBA2 /* Info.plist */ = {isa = PBXFileReference; lastKnownFileType = text.plist.xml; path = Info.plist; sourceTree = "<group>"; };
		353D6F1C1D2519D200F9CBA2 /* swift-weiboTests.xctest */ = {isa = PBXFileReference; explicitFileType = wrapper.cfbundle; includeInIndex = 0; path = "swift-weiboTests.xctest"; sourceTree = BUILT_PRODUCTS_DIR; };
		353D6F201D2519D200F9CBA2 /* swift_weiboTests.swift */ = {isa = PBXFileReference; lastKnownFileType = sourcecode.swift; path = swift_weiboTests.swift; sourceTree = "<group>"; };
		353D6F221D2519D200F9CBA2 /* Info.plist */ = {isa = PBXFileReference; lastKnownFileType = text.plist.xml; path = Info.plist; sourceTree = "<group>"; };
		353D6F271D2519D200F9CBA2 /* swift-weiboUITests.xctest */ = {isa = PBXFileReference; explicitFileType = wrapper.cfbundle; includeInIndex = 0; path = "swift-weiboUITests.xctest"; sourceTree = BUILT_PRODUCTS_DIR; };
		353D6F2B1D2519D200F9CBA2 /* swift_weiboUITests.swift */ = {isa = PBXFileReference; lastKnownFileType = sourcecode.swift; path = swift_weiboUITests.swift; sourceTree = "<group>"; };
		353D6F2D1D2519D200F9CBA2 /* Info.plist */ = {isa = PBXFileReference; lastKnownFileType = text.plist.xml; path = Info.plist; sourceTree = "<group>"; };
		3568D8081D2C997F0042C448 /* OAuth.storyboard */ = {isa = PBXFileReference; fileEncoding = 4; lastKnownFileType = file.storyboard; path = OAuth.storyboard; sourceTree = "<group>"; };
		3568D80A1D2C999C0042C448 /* OAuthViewController.swift */ = {isa = PBXFileReference; fileEncoding = 4; lastKnownFileType = sourcecode.swift; path = OAuthViewController.swift; sourceTree = "<group>"; };
		3568D80C1D2CAB7F0042C448 /* VVeibo-Bridge.h */ = {isa = PBXFileReference; lastKnownFileType = sourcecode.c.h; path = "VVeibo-Bridge.h"; sourceTree = "<group>"; };
		3568D80E1D2CAB9D0042C448 /* SVIndefiniteAnimatedView.h */ = {isa = PBXFileReference; fileEncoding = 4; lastKnownFileType = sourcecode.c.h; path = SVIndefiniteAnimatedView.h; sourceTree = "<group>"; };
		3568D80F1D2CAB9D0042C448 /* SVIndefiniteAnimatedView.m */ = {isa = PBXFileReference; fileEncoding = 4; lastKnownFileType = sourcecode.c.objc; path = SVIndefiniteAnimatedView.m; sourceTree = "<group>"; };
		3568D8101D2CAB9D0042C448 /* SVProgressAnimatedView.h */ = {isa = PBXFileReference; fileEncoding = 4; lastKnownFileType = sourcecode.c.h; path = SVProgressAnimatedView.h; sourceTree = "<group>"; };
		3568D8111D2CAB9D0042C448 /* SVProgressAnimatedView.m */ = {isa = PBXFileReference; fileEncoding = 4; lastKnownFileType = sourcecode.c.objc; path = SVProgressAnimatedView.m; sourceTree = "<group>"; };
		3568D8121D2CAB9D0042C448 /* SVProgressHUD-Prefix.pch */ = {isa = PBXFileReference; fileEncoding = 4; lastKnownFileType = sourcecode.c.h; path = "SVProgressHUD-Prefix.pch"; sourceTree = "<group>"; };
		3568D8131D2CAB9D0042C448 /* SVProgressHUD.bundle */ = {isa = PBXFileReference; lastKnownFileType = "wrapper.plug-in"; path = SVProgressHUD.bundle; sourceTree = "<group>"; };
		3568D8141D2CAB9D0042C448 /* SVProgressHUD.h */ = {isa = PBXFileReference; fileEncoding = 4; lastKnownFileType = sourcecode.c.h; path = SVProgressHUD.h; sourceTree = "<group>"; };
		3568D8151D2CAB9D0042C448 /* SVProgressHUD.m */ = {isa = PBXFileReference; fileEncoding = 4; lastKnownFileType = sourcecode.c.objc; path = SVProgressHUD.m; sourceTree = "<group>"; };
		3568D8161D2CAB9D0042C448 /* SVRadialGradientLayer.h */ = {isa = PBXFileReference; fileEncoding = 4; lastKnownFileType = sourcecode.c.h; path = SVRadialGradientLayer.h; sourceTree = "<group>"; };
		3568D8171D2CAB9D0042C448 /* SVRadialGradientLayer.m */ = {isa = PBXFileReference; fileEncoding = 4; lastKnownFileType = sourcecode.c.objc; path = SVRadialGradientLayer.m; sourceTree = "<group>"; };
		3568D81D1D2CD5A30042C448 /* UserAccount.swift */ = {isa = PBXFileReference; fileEncoding = 4; lastKnownFileType = sourcecode.swift; name = UserAccount.swift; path = "swift-weibo/UserAccount.swift"; sourceTree = SOURCE_ROOT; };
		356F96CD1D263BD800AF8E1D /* MainTabbar.swift */ = {isa = PBXFileReference; fileEncoding = 4; lastKnownFileType = sourcecode.swift; path = MainTabbar.swift; sourceTree = "<group>"; };
		356F96CF1D26632700AF8E1D /* BaseTableViewController.swift */ = {isa = PBXFileReference; fileEncoding = 4; lastKnownFileType = sourcecode.swift; path = BaseTableViewController.swift; sourceTree = "<group>"; };
		356F96D11D26661E00AF8E1D /* VistorLoginView.xib */ = {isa = PBXFileReference; fileEncoding = 4; lastKnownFileType = file.xib; path = VistorLoginView.xib; sourceTree = "<group>"; };
		357C4A321D252308008D2B11 /* MainViewController.swift */ = {isa = PBXFileReference; fileEncoding = 4; lastKnownFileType = sourcecode.swift; path = MainViewController.swift; sourceTree = "<group>"; };
		357C4A341D252332008D2B11 /* Main.storyboard */ = {isa = PBXFileReference; fileEncoding = 4; lastKnownFileType = file.storyboard; path = Main.storyboard; sourceTree = "<group>"; };
		357C4A361D2524BE008D2B11 /* Home.storyboard */ = {isa = PBXFileReference; fileEncoding = 4; lastKnownFileType = file.storyboard; path = Home.storyboard; sourceTree = "<group>"; };
		357C4A381D2524F3008D2B11 /* HomeViewController.swift */ = {isa = PBXFileReference; fileEncoding = 4; lastKnownFileType = sourcecode.swift; path = HomeViewController.swift; sourceTree = "<group>"; };
		357C4A3A1D2525EF008D2B11 /* MessageViewController.swift */ = {isa = PBXFileReference; fileEncoding = 4; lastKnownFileType = sourcecode.swift; path = MessageViewController.swift; sourceTree = "<group>"; };
		357C4A3C1D2525F8008D2B11 /* Message.storyboard */ = {isa = PBXFileReference; fileEncoding = 4; lastKnownFileType = file.storyboard; path = Message.storyboard; sourceTree = "<group>"; };
		357C4A3E1D252611008D2B11 /* Compose.storyboard */ = {isa = PBXFileReference; fileEncoding = 4; lastKnownFileType = file.storyboard; path = Compose.storyboard; sourceTree = "<group>"; };
		357C4A421D252658008D2B11 /* ComposeViewController.swift */ = {isa = PBXFileReference; fileEncoding = 4; lastKnownFileType = sourcecode.swift; path = ComposeViewController.swift; sourceTree = "<group>"; };
		357C4A441D252675008D2B11 /* DiscoverViewController.swift */ = {isa = PBXFileReference; fileEncoding = 4; lastKnownFileType = sourcecode.swift; path = DiscoverViewController.swift; sourceTree = "<group>"; };
		357C4A461D25267E008D2B11 /* Discover.storyboard */ = {isa = PBXFileReference; fileEncoding = 4; lastKnownFileType = file.storyboard; path = Discover.storyboard; sourceTree = "<group>"; };
		357C4A481D252689008D2B11 /* Profile.storyboard */ = {isa = PBXFileReference; fileEncoding = 4; lastKnownFileType = file.storyboard; path = Profile.storyboard; sourceTree = "<group>"; };
		357C4A4A1D2526A2008D2B11 /* ProfileTableViewController.swift */ = {isa = PBXFileReference; fileEncoding = 4; lastKnownFileType = sourcecode.swift; path = ProfileTableViewController.swift; sourceTree = "<group>"; };
		358305F51D2B8A1D0074D497 /* Alamofire.h */ = {isa = PBXFileReference; fileEncoding = 4; lastKnownFileType = sourcecode.c.h; path = Alamofire.h; sourceTree = "<group>"; };
		358305F61D2B8A1D0074D497 /* Alamofire.swift */ = {isa = PBXFileReference; fileEncoding = 4; lastKnownFileType = sourcecode.swift; path = Alamofire.swift; sourceTree = "<group>"; };
		358305F71D2B8A1D0074D497 /* Download.swift */ = {isa = PBXFileReference; fileEncoding = 4; lastKnownFileType = sourcecode.swift; path = Download.swift; sourceTree = "<group>"; };
		358305F81D2B8A1D0074D497 /* Error.swift */ = {isa = PBXFileReference; fileEncoding = 4; lastKnownFileType = sourcecode.swift; path = Error.swift; sourceTree = "<group>"; };
		358305F91D2B8A1D0074D497 /* Info-tvOS.plist */ = {isa = PBXFileReference; fileEncoding = 4; lastKnownFileType = text.plist.xml; path = "Info-tvOS.plist"; sourceTree = "<group>"; };
		358305FA1D2B8A1D0074D497 /* Info.plist */ = {isa = PBXFileReference; fileEncoding = 4; lastKnownFileType = text.plist.xml; path = Info.plist; sourceTree = "<group>"; };
		358305FB1D2B8A1D0074D497 /* Manager.swift */ = {isa = PBXFileReference; fileEncoding = 4; lastKnownFileType = sourcecode.swift; path = Manager.swift; sourceTree = "<group>"; };
		358305FC1D2B8A1D0074D497 /* MultipartFormData.swift */ = {isa = PBXFileReference; fileEncoding = 4; lastKnownFileType = sourcecode.swift; path = MultipartFormData.swift; sourceTree = "<group>"; };
		358305FD1D2B8A1D0074D497 /* NetworkReachabilityManager.swift */ = {isa = PBXFileReference; fileEncoding = 4; lastKnownFileType = sourcecode.swift; path = NetworkReachabilityManager.swift; sourceTree = "<group>"; };
		358305FE1D2B8A1D0074D497 /* Notifications.swift */ = {isa = PBXFileReference; fileEncoding = 4; lastKnownFileType = sourcecode.swift; path = Notifications.swift; sourceTree = "<group>"; };
		358305FF1D2B8A1D0074D497 /* ParameterEncoding.swift */ = {isa = PBXFileReference; fileEncoding = 4; lastKnownFileType = sourcecode.swift; path = ParameterEncoding.swift; sourceTree = "<group>"; };
		358306001D2B8A1D0074D497 /* Request.swift */ = {isa = PBXFileReference; fileEncoding = 4; lastKnownFileType = sourcecode.swift; path = Request.swift; sourceTree = "<group>"; };
		358306011D2B8A1D0074D497 /* Response.swift */ = {isa = PBXFileReference; fileEncoding = 4; lastKnownFileType = sourcecode.swift; path = Response.swift; sourceTree = "<group>"; };
		358306021D2B8A1D0074D497 /* ResponseSerialization.swift */ = {isa = PBXFileReference; fileEncoding = 4; lastKnownFileType = sourcecode.swift; path = ResponseSerialization.swift; sourceTree = "<group>"; };
		358306031D2B8A1D0074D497 /* Result.swift */ = {isa = PBXFileReference; fileEncoding = 4; lastKnownFileType = sourcecode.swift; path = Result.swift; sourceTree = "<group>"; };
		358306041D2B8A1D0074D497 /* ServerTrustPolicy.swift */ = {isa = PBXFileReference; fileEncoding = 4; lastKnownFileType = sourcecode.swift; path = ServerTrustPolicy.swift; sourceTree = "<group>"; };
		358306051D2B8A1D0074D497 /* Stream.swift */ = {isa = PBXFileReference; fileEncoding = 4; lastKnownFileType = sourcecode.swift; path = Stream.swift; sourceTree = "<group>"; };
		358306061D2B8A1D0074D497 /* Timeline.swift */ = {isa = PBXFileReference; fileEncoding = 4; lastKnownFileType = sourcecode.swift; path = Timeline.swift; sourceTree = "<group>"; };
		358306071D2B8A1D0074D497 /* Upload.swift */ = {isa = PBXFileReference; fileEncoding = 4; lastKnownFileType = sourcecode.swift; path = Upload.swift; sourceTree = "<group>"; };
		358306081D2B8A1D0074D497 /* Validation.swift */ = {isa = PBXFileReference; fileEncoding = 4; lastKnownFileType = sourcecode.swift; path = Validation.swift; sourceTree = "<group>"; };
		35F747FB1D2A5A1E00DF7E31 /* VistorLoginView.swift */ = {isa = PBXFileReference; fileEncoding = 4; lastKnownFileType = sourcecode.swift; path = VistorLoginView.swift; sourceTree = "<group>"; };
		35F747FD1D2A61D700DF7E31 /* Reveal.framework */ = {isa = PBXFileReference; lastKnownFileType = wrapper.framework; path = Reveal.framework; sourceTree = "<group>"; };
/* End PBXFileReference section */

/* Begin PBXFrameworksBuildPhase section */
		353D6F051D2519D200F9CBA2 /* Frameworks */ = {
			isa = PBXFrameworksBuildPhase;
			buildActionMask = 2147483647;
			files = (
			);
			runOnlyForDeploymentPostprocessing = 0;
		};
		353D6F191D2519D200F9CBA2 /* Frameworks */ = {
			isa = PBXFrameworksBuildPhase;
			buildActionMask = 2147483647;
			files = (
			);
			runOnlyForDeploymentPostprocessing = 0;
		};
		353D6F241D2519D200F9CBA2 /* Frameworks */ = {
			isa = PBXFrameworksBuildPhase;
			buildActionMask = 2147483647;
			files = (
			);
			runOnlyForDeploymentPostprocessing = 0;
		};
/* End PBXFrameworksBuildPhase section */

/* Begin PBXGroup section */
		353D6EFF1D2519D200F9CBA2 = {
			isa = PBXGroup;
			children = (
				353D6F0A1D2519D200F9CBA2 /* swift-weibo */,
				35F747FD1D2A61D700DF7E31 /* Reveal.framework */,
				353D6F1F1D2519D200F9CBA2 /* swift-weiboTests */,
				353D6F2A1D2519D200F9CBA2 /* swift-weiboUITests */,
				353D6F091D2519D200F9CBA2 /* Products */,
			);
			sourceTree = "<group>";
		};
		353D6F091D2519D200F9CBA2 /* Products */ = {
			isa = PBXGroup;
			children = (
				353D6F081D2519D200F9CBA2 /* swift-weibo.app */,
				353D6F1C1D2519D200F9CBA2 /* swift-weiboTests.xctest */,
				353D6F271D2519D200F9CBA2 /* swift-weiboUITests.xctest */,
			);
			name = Products;
			sourceTree = "<group>";
		};
		353D6F0A1D2519D200F9CBA2 /* swift-weibo */ = {
			isa = PBXGroup;
			children = (
				357C4A281D252057008D2B11 /* Classes */,
				353D6F0B1D2519D200F9CBA2 /* AppDelegate.swift */,
				353D6F121D2519D200F9CBA2 /* Assets.xcassets */,
				353D6F171D2519D200F9CBA2 /* Info.plist */,
				3568D80C1D2CAB7F0042C448 /* VVeibo-Bridge.h */,
			);
			path = "swift-weibo";
			sourceTree = "<group>";
		};
		353D6F1F1D2519D200F9CBA2 /* swift-weiboTests */ = {
			isa = PBXGroup;
			children = (
				353D6F201D2519D200F9CBA2 /* swift_weiboTests.swift */,
				353D6F221D2519D200F9CBA2 /* Info.plist */,
			);
			path = "swift-weiboTests";
			sourceTree = "<group>";
		};
		353D6F2A1D2519D200F9CBA2 /* swift-weiboUITests */ = {
			isa = PBXGroup;
			children = (
				353D6F2B1D2519D200F9CBA2 /* swift_weiboUITests.swift */,
				353D6F2D1D2519D200F9CBA2 /* Info.plist */,
			);
			path = "swift-weiboUITests";
			sourceTree = "<group>";
		};
		3568D8071D2C99700042C448 /* OAuth */ = {
			isa = PBXGroup;
			children = (
				3568D8081D2C997F0042C448 /* OAuth.storyboard */,
				3568D80A1D2C999C0042C448 /* OAuthViewController.swift */,
			);
			path = OAuth;
			sourceTree = "<group>";
		};
		3568D80D1D2CAB9D0042C448 /* SVProgressHUD */ = {
			isa = PBXGroup;
			children = (
				3568D80E1D2CAB9D0042C448 /* SVIndefiniteAnimatedView.h */,
				3568D80F1D2CAB9D0042C448 /* SVIndefiniteAnimatedView.m */,
				3568D8101D2CAB9D0042C448 /* SVProgressAnimatedView.h */,
				3568D8111D2CAB9D0042C448 /* SVProgressAnimatedView.m */,
				3568D8121D2CAB9D0042C448 /* SVProgressHUD-Prefix.pch */,
				3568D8131D2CAB9D0042C448 /* SVProgressHUD.bundle */,
				3568D8141D2CAB9D0042C448 /* SVProgressHUD.h */,
				3568D8151D2CAB9D0042C448 /* SVProgressHUD.m */,
				3568D8161D2CAB9D0042C448 /* SVRadialGradientLayer.h */,
				3568D8171D2CAB9D0042C448 /* SVRadialGradientLayer.m */,
			);
			path = SVProgressHUD;
			sourceTree = "<group>";
		};
		357C4A281D252057008D2B11 /* Classes */ = {
			isa = PBXGroup;
			children = (
				358305F21D2B89F10074D497 /* Lib */,
				357C4A291D252057008D2B11 /* Model */,
				357C4A2A1D252057008D2B11 /* Module */,
				357C4A301D252057008D2B11 /* Tools */,
			);
			path = Classes;
			sourceTree = "<group>";
		};
		357C4A291D252057008D2B11 /* Model */ = {
			isa = PBXGroup;
			children = (
				3568D81D1D2CD5A30042C448 /* UserAccount.swift */,
			);
			path = Model;
			sourceTree = "<group>";
		};
		357C4A2A1D252057008D2B11 /* Module */ = {
			isa = PBXGroup;
			children = (
				3568D8071D2C99700042C448 /* OAuth */,
				357C4A311D252277008D2B11 /* Main */,
				357C4A2D1D252057008D2B11 /* Home */,
				357C4A2E1D252057008D2B11 /* Message */,
				357C4A2B1D252057008D2B11 /* Compose */,
				357C4A2C1D252057008D2B11 /* Discover */,
				357C4A2F1D252057008D2B11 /* Profile */,
			);
			path = Module;
			sourceTree = "<group>";
		};
		357C4A2B1D252057008D2B11 /* Compose */ = {
			isa = PBXGroup;
			children = (
				357C4A3E1D252611008D2B11 /* Compose.storyboard */,
				357C4A421D252658008D2B11 /* ComposeViewController.swift */,
			);
			path = Compose;
			sourceTree = "<group>";
		};
		357C4A2C1D252057008D2B11 /* Discover */ = {
			isa = PBXGroup;
			children = (
				357C4A441D252675008D2B11 /* DiscoverViewController.swift */,
				357C4A461D25267E008D2B11 /* Discover.storyboard */,
			);
			path = Discover;
			sourceTree = "<group>";
		};
		357C4A2D1D252057008D2B11 /* Home */ = {
			isa = PBXGroup;
			children = (
				357C4A361D2524BE008D2B11 /* Home.storyboard */,
				357C4A381D2524F3008D2B11 /* HomeViewController.swift */,
			);
			path = Home;
			sourceTree = "<group>";
		};
		357C4A2E1D252057008D2B11 /* Message */ = {
			isa = PBXGroup;
			children = (
				357C4A3A1D2525EF008D2B11 /* MessageViewController.swift */,
				357C4A3C1D2525F8008D2B11 /* Message.storyboard */,
			);
			path = Message;
			sourceTree = "<group>";
		};
		357C4A2F1D252057008D2B11 /* Profile */ = {
			isa = PBXGroup;
			children = (
				357C4A481D252689008D2B11 /* Profile.storyboard */,
				357C4A4A1D2526A2008D2B11 /* ProfileTableViewController.swift */,
			);
			path = Profile;
			sourceTree = "<group>";
		};
		357C4A301D252057008D2B11 /* Tools */ = {
			isa = PBXGroup;
			children = (
			);
			path = Tools;
			sourceTree = "<group>";
		};
		357C4A311D252277008D2B11 /* Main */ = {
			isa = PBXGroup;
			children = (
				357C4A321D252308008D2B11 /* MainViewController.swift */,
				356F96CF1D26632700AF8E1D /* BaseTableViewController.swift */,
				356F96D11D26661E00AF8E1D /* VistorLoginView.xib */,
				35F747FB1D2A5A1E00DF7E31 /* VistorLoginView.swift */,
				357C4A341D252332008D2B11 /* Main.storyboard */,
				356F96CD1D263BD800AF8E1D /* MainTabbar.swift */,
			);
			path = Main;
			sourceTree = "<group>";
		};
		358305F21D2B89F10074D497 /* Lib */ = {
			isa = PBXGroup;
			children = (
				3568D80D1D2CAB9D0042C448 /* SVProgressHUD */,
				358305F31D2B8A170074D497 /* Alamofire */,
			);
			path = Lib;
			sourceTree = "<group>";
		};
		358305F31D2B8A170074D497 /* Alamofire */ = {
			isa = PBXGroup;
			children = (
				358305F41D2B8A1D0074D497 /* Source */,
			);
			path = Alamofire;
			sourceTree = "<group>";
		};
		358305F41D2B8A1D0074D497 /* Source */ = {
			isa = PBXGroup;
			children = (
				358305F51D2B8A1D0074D497 /* Alamofire.h */,
				358305F61D2B8A1D0074D497 /* Alamofire.swift */,
				358305F71D2B8A1D0074D497 /* Download.swift */,
				358305F81D2B8A1D0074D497 /* Error.swift */,
				358305F91D2B8A1D0074D497 /* Info-tvOS.plist */,
				358305FA1D2B8A1D0074D497 /* Info.plist */,
				358305FB1D2B8A1D0074D497 /* Manager.swift */,
				358305FC1D2B8A1D0074D497 /* MultipartFormData.swift */,
				358305FD1D2B8A1D0074D497 /* NetworkReachabilityManager.swift */,
				358305FE1D2B8A1D0074D497 /* Notifications.swift */,
				358305FF1D2B8A1D0074D497 /* ParameterEncoding.swift */,
				358306001D2B8A1D0074D497 /* Request.swift */,
				358306011D2B8A1D0074D497 /* Response.swift */,
				358306021D2B8A1D0074D497 /* ResponseSerialization.swift */,
				358306031D2B8A1D0074D497 /* Result.swift */,
				358306041D2B8A1D0074D497 /* ServerTrustPolicy.swift */,
				358306051D2B8A1D0074D497 /* Stream.swift */,
				358306061D2B8A1D0074D497 /* Timeline.swift */,
				358306071D2B8A1D0074D497 /* Upload.swift */,
				358306081D2B8A1D0074D497 /* Validation.swift */,
			);
			path = Source;
			sourceTree = "<group>";
		};
/* End PBXGroup section */

/* Begin PBXNativeTarget section */
		353D6F071D2519D200F9CBA2 /* swift-weibo */ = {
			isa = PBXNativeTarget;
			buildConfigurationList = 353D6F301D2519D200F9CBA2 /* Build configuration list for PBXNativeTarget "swift-weibo" */;
			buildPhases = (
				353D6F041D2519D200F9CBA2 /* Sources */,
				353D6F051D2519D200F9CBA2 /* Frameworks */,
				353D6F061D2519D200F9CBA2 /* Resources */,
			);
			buildRules = (
			);
			dependencies = (
			);
			name = "swift-weibo";
			productName = "swift-weibo";
			productReference = 353D6F081D2519D200F9CBA2 /* swift-weibo.app */;
			productType = "com.apple.product-type.application";
		};
		353D6F1B1D2519D200F9CBA2 /* swift-weiboTests */ = {
			isa = PBXNativeTarget;
			buildConfigurationList = 353D6F331D2519D200F9CBA2 /* Build configuration list for PBXNativeTarget "swift-weiboTests" */;
			buildPhases = (
				353D6F181D2519D200F9CBA2 /* Sources */,
				353D6F191D2519D200F9CBA2 /* Frameworks */,
				353D6F1A1D2519D200F9CBA2 /* Resources */,
			);
			buildRules = (
			);
			dependencies = (
				353D6F1E1D2519D200F9CBA2 /* PBXTargetDependency */,
			);
			name = "swift-weiboTests";
			productName = "swift-weiboTests";
			productReference = 353D6F1C1D2519D200F9CBA2 /* swift-weiboTests.xctest */;
			productType = "com.apple.product-type.bundle.unit-test";
		};
		353D6F261D2519D200F9CBA2 /* swift-weiboUITests */ = {
			isa = PBXNativeTarget;
			buildConfigurationList = 353D6F361D2519D200F9CBA2 /* Build configuration list for PBXNativeTarget "swift-weiboUITests" */;
			buildPhases = (
				353D6F231D2519D200F9CBA2 /* Sources */,
				353D6F241D2519D200F9CBA2 /* Frameworks */,
				353D6F251D2519D200F9CBA2 /* Resources */,
			);
			buildRules = (
			);
			dependencies = (
				353D6F291D2519D200F9CBA2 /* PBXTargetDependency */,
			);
			name = "swift-weiboUITests";
			productName = "swift-weiboUITests";
			productReference = 353D6F271D2519D200F9CBA2 /* swift-weiboUITests.xctest */;
			productType = "com.apple.product-type.bundle.ui-testing";
		};
/* End PBXNativeTarget section */

/* Begin PBXProject section */
		353D6F001D2519D200F9CBA2 /* Project object */ = {
			isa = PBXProject;
			attributes = {
				LastSwiftUpdateCheck = 0730;
				LastUpgradeCheck = 0730;
				ORGANIZATIONNAME = "何建新";
				TargetAttributes = {
					353D6F071D2519D200F9CBA2 = {
						CreatedOnToolsVersion = 7.3.1;
						DevelopmentTeam = RD7J4DU62A;
					};
					353D6F1B1D2519D200F9CBA2 = {
						CreatedOnToolsVersion = 7.3.1;
						DevelopmentTeam = RD7J4DU62A;
						TestTargetID = 353D6F071D2519D200F9CBA2;
					};
					353D6F261D2519D200F9CBA2 = {
						CreatedOnToolsVersion = 7.3.1;
						DevelopmentTeam = RD7J4DU62A;
						TestTargetID = 353D6F071D2519D200F9CBA2;
					};
				};
			};
			buildConfigurationList = 353D6F031D2519D200F9CBA2 /* Build configuration list for PBXProject "swift-weibo" */;
			compatibilityVersion = "Xcode 3.2";
			developmentRegion = English;
			hasScannedForEncodings = 0;
			knownRegions = (
				en,
				Base,
			);
			mainGroup = 353D6EFF1D2519D200F9CBA2;
			productRefGroup = 353D6F091D2519D200F9CBA2 /* Products */;
			projectDirPath = "";
			projectRoot = "";
			targets = (
				353D6F071D2519D200F9CBA2 /* swift-weibo */,
				353D6F1B1D2519D200F9CBA2 /* swift-weiboTests */,
				353D6F261D2519D200F9CBA2 /* swift-weiboUITests */,
			);
		};
/* End PBXProject section */

/* Begin PBXResourcesBuildPhase section */
		353D6F061D2519D200F9CBA2 /* Resources */ = {
			isa = PBXResourcesBuildPhase;
			buildActionMask = 2147483647;
			files = (
				3583060C1D2B8A1D0074D497 /* Info-tvOS.plist in Resources */,
				357C4A371D2524BE008D2B11 /* Home.storyboard in Resources */,
				353D6F131D2519D200F9CBA2 /* Assets.xcassets in Resources */,
				357C4A3F1D252611008D2B11 /* Compose.storyboard in Resources */,
				357C4A3D1D2525F8008D2B11 /* Message.storyboard in Resources */,
				357C4A351D252332008D2B11 /* Main.storyboard in Resources */,
				3568D8091D2C997F0042C448 /* OAuth.storyboard in Resources */,
				3568D81A1D2CAB9D0042C448 /* SVProgressHUD.bundle in Resources */,
				357C4A491D252689008D2B11 /* Profile.storyboard in Resources */,
				357C4A471D25267E008D2B11 /* Discover.storyboard in Resources */,
				3583060D1D2B8A1D0074D497 /* Info.plist in Resources */,
				356F96D21D26661E00AF8E1D /* VistorLoginView.xib in Resources */,
			);
			runOnlyForDeploymentPostprocessing = 0;
		};
		353D6F1A1D2519D200F9CBA2 /* Resources */ = {
			isa = PBXResourcesBuildPhase;
			buildActionMask = 2147483647;
			files = (
			);
			runOnlyForDeploymentPostprocessing = 0;
		};
		353D6F251D2519D200F9CBA2 /* Resources */ = {
			isa = PBXResourcesBuildPhase;
			buildActionMask = 2147483647;
			files = (
			);
			runOnlyForDeploymentPostprocessing = 0;
		};
/* End PBXResourcesBuildPhase section */

/* Begin PBXSourcesBuildPhase section */
		353D6F041D2519D200F9CBA2 /* Sources */ = {
			isa = PBXSourcesBuildPhase;
			buildActionMask = 2147483647;
			files = (
				3568D80B1D2C999C0042C448 /* OAuthViewController.swift in Sources */,
				358306121D2B8A1D0074D497 /* ParameterEncoding.swift in Sources */,
				356F96D01D26632700AF8E1D /* BaseTableViewController.swift in Sources */,
				357C4A4B1D2526A2008D2B11 /* ProfileTableViewController.swift in Sources */,
				358306101D2B8A1D0074D497 /* NetworkReachabilityManager.swift in Sources */,
				3583061B1D2B8A1D0074D497 /* Validation.swift in Sources */,
				358306141D2B8A1D0074D497 /* Response.swift in Sources */,
				357C4A431D252658008D2B11 /* ComposeViewController.swift in Sources */,
				3583061A1D2B8A1D0074D497 /* Upload.swift in Sources */,
				3583060B1D2B8A1D0074D497 /* Error.swift in Sources */,
				353D6F0C1D2519D200F9CBA2 /* AppDelegate.swift in Sources */,
				3568D8191D2CAB9D0042C448 /* SVProgressAnimatedView.m in Sources */,
				358306191D2B8A1D0074D497 /* Timeline.swift in Sources */,
				3568D8181D2CAB9D0042C448 /* SVIndefiniteAnimatedView.m in Sources */,
				357C4A331D252308008D2B11 /* MainViewController.swift in Sources */,
				35F747FC1D2A5A1E00DF7E31 /* VistorLoginView.swift in Sources */,
				358306161D2B8A1D0074D497 /* Result.swift in Sources */,
				356F96CE1D263BD800AF8E1D /* MainTabbar.swift in Sources */,
				358306171D2B8A1D0074D497 /* ServerTrustPolicy.swift in Sources */,
				3568D81C1D2CAB9D0042C448 /* SVRadialGradientLayer.m in Sources */,
				357C4A451D252675008D2B11 /* DiscoverViewController.swift in Sources */,
				3583060F1D2B8A1D0074D497 /* MultipartFormData.swift in Sources */,
				358306131D2B8A1D0074D497 /* Request.swift in Sources */,
				358306091D2B8A1D0074D497 /* Alamofire.swift in Sources */,
				3583060A1D2B8A1D0074D497 /* Download.swift in Sources */,
				358306111D2B8A1D0074D497 /* Notifications.swift in Sources */,
				3568D81E1D2CD5A30042C448 /* UserAccount.swift in Sources */,
				358306181D2B8A1D0074D497 /* Stream.swift in Sources */,
				3583060E1D2B8A1D0074D497 /* Manager.swift in Sources */,
				357C4A3B1D2525EF008D2B11 /* MessageViewController.swift in Sources */,
				358306151D2B8A1D0074D497 /* ResponseSerialization.swift in Sources */,
				3568D81B1D2CAB9D0042C448 /* SVProgressHUD.m in Sources */,
				357C4A391D2524F3008D2B11 /* HomeViewController.swift in Sources */,
			);
			runOnlyForDeploymentPostprocessing = 0;
		};
		353D6F181D2519D200F9CBA2 /* Sources */ = {
			isa = PBXSourcesBuildPhase;
			buildActionMask = 2147483647;
			files = (
				353D6F211D2519D200F9CBA2 /* swift_weiboTests.swift in Sources */,
			);
			runOnlyForDeploymentPostprocessing = 0;
		};
		353D6F231D2519D200F9CBA2 /* Sources */ = {
			isa = PBXSourcesBuildPhase;
			buildActionMask = 2147483647;
			files = (
				353D6F2C1D2519D200F9CBA2 /* swift_weiboUITests.swift in Sources */,
			);
			runOnlyForDeploymentPostprocessing = 0;
		};
/* End PBXSourcesBuildPhase section */

/* Begin PBXTargetDependency section */
		353D6F1E1D2519D200F9CBA2 /* PBXTargetDependency */ = {
			isa = PBXTargetDependency;
			target = 353D6F071D2519D200F9CBA2 /* swift-weibo */;
			targetProxy = 353D6F1D1D2519D200F9CBA2 /* PBXContainerItemProxy */;
		};
		353D6F291D2519D200F9CBA2 /* PBXTargetDependency */ = {
			isa = PBXTargetDependency;
			target = 353D6F071D2519D200F9CBA2 /* swift-weibo */;
			targetProxy = 353D6F281D2519D200F9CBA2 /* PBXContainerItemProxy */;
		};
/* End PBXTargetDependency section */

/* Begin XCBuildConfiguration section */
		353D6F2E1D2519D200F9CBA2 /* Debug */ = {
			isa = XCBuildConfiguration;
			buildSettings = {
				ALWAYS_SEARCH_USER_PATHS = NO;
				CLANG_ANALYZER_NONNULL = YES;
				CLANG_CXX_LANGUAGE_STANDARD = "gnu++0x";
				CLANG_CXX_LIBRARY = "libc++";
				CLANG_ENABLE_MODULES = YES;
				CLANG_ENABLE_OBJC_ARC = YES;
				CLANG_WARN_BOOL_CONVERSION = YES;
				CLANG_WARN_CONSTANT_CONVERSION = YES;
				CLANG_WARN_DIRECT_OBJC_ISA_USAGE = YES_ERROR;
				CLANG_WARN_EMPTY_BODY = YES;
				CLANG_WARN_ENUM_CONVERSION = YES;
				CLANG_WARN_INT_CONVERSION = YES;
				CLANG_WARN_OBJC_ROOT_CLASS = YES_ERROR;
				CLANG_WARN_UNREACHABLE_CODE = YES;
				CLANG_WARN__DUPLICATE_METHOD_MATCH = YES;
				"CODE_SIGN_IDENTITY[sdk=iphoneos*]" = "iPhone Developer";
				COPY_PHASE_STRIP = NO;
				DEBUG_INFORMATION_FORMAT = dwarf;
				ENABLE_STRICT_OBJC_MSGSEND = YES;
				ENABLE_TESTABILITY = YES;
				GCC_C_LANGUAGE_STANDARD = gnu99;
				GCC_DYNAMIC_NO_PIC = NO;
				GCC_NO_COMMON_BLOCKS = YES;
				GCC_OPTIMIZATION_LEVEL = 0;
				GCC_PREPROCESSOR_DEFINITIONS = (
					"DEBUG=1",
					"$(inherited)",
				);
				GCC_WARN_64_TO_32_BIT_CONVERSION = YES;
				GCC_WARN_ABOUT_RETURN_TYPE = YES_ERROR;
				GCC_WARN_UNDECLARED_SELECTOR = YES;
				GCC_WARN_UNINITIALIZED_AUTOS = YES_AGGRESSIVE;
				GCC_WARN_UNUSED_FUNCTION = YES;
				GCC_WARN_UNUSED_VARIABLE = YES;
				IPHONEOS_DEPLOYMENT_TARGET = 9.3;
				MTL_ENABLE_DEBUG_INFO = YES;
				ONLY_ACTIVE_ARCH = YES;
				SDKROOT = iphoneos;
				SWIFT_OPTIMIZATION_LEVEL = "-Onone";
			};
			name = Debug;
		};
		353D6F2F1D2519D200F9CBA2 /* Release */ = {
			isa = XCBuildConfiguration;
			buildSettings = {
				ALWAYS_SEARCH_USER_PATHS = NO;
				CLANG_ANALYZER_NONNULL = YES;
				CLANG_CXX_LANGUAGE_STANDARD = "gnu++0x";
				CLANG_CXX_LIBRARY = "libc++";
				CLANG_ENABLE_MODULES = YES;
				CLANG_ENABLE_OBJC_ARC = YES;
				CLANG_WARN_BOOL_CONVERSION = YES;
				CLANG_WARN_CONSTANT_CONVERSION = YES;
				CLANG_WARN_DIRECT_OBJC_ISA_USAGE = YES_ERROR;
				CLANG_WARN_EMPTY_BODY = YES;
				CLANG_WARN_ENUM_CONVERSION = YES;
				CLANG_WARN_INT_CONVERSION = YES;
				CLANG_WARN_OBJC_ROOT_CLASS = YES_ERROR;
				CLANG_WARN_UNREACHABLE_CODE = YES;
				CLANG_WARN__DUPLICATE_METHOD_MATCH = YES;
				"CODE_SIGN_IDENTITY[sdk=iphoneos*]" = "iPhone Developer";
				COPY_PHASE_STRIP = NO;
				DEBUG_INFORMATION_FORMAT = "dwarf-with-dsym";
				ENABLE_NS_ASSERTIONS = NO;
				ENABLE_STRICT_OBJC_MSGSEND = YES;
				GCC_C_LANGUAGE_STANDARD = gnu99;
				GCC_NO_COMMON_BLOCKS = YES;
				GCC_WARN_64_TO_32_BIT_CONVERSION = YES;
				GCC_WARN_ABOUT_RETURN_TYPE = YES_ERROR;
				GCC_WARN_UNDECLARED_SELECTOR = YES;
				GCC_WARN_UNINITIALIZED_AUTOS = YES_AGGRESSIVE;
				GCC_WARN_UNUSED_FUNCTION = YES;
				GCC_WARN_UNUSED_VARIABLE = YES;
				IPHONEOS_DEPLOYMENT_TARGET = 9.3;
				MTL_ENABLE_DEBUG_INFO = NO;
				SDKROOT = iphoneos;
				VALIDATE_PRODUCT = YES;
			};
			name = Release;
		};
		353D6F311D2519D200F9CBA2 /* Debug */ = {
			isa = XCBuildConfiguration;
			buildSettings = {
				ASSETCATALOG_COMPILER_APPICON_NAME = AppIcon;
				ASSETCATALOG_COMPILER_LAUNCHIMAGE_NAME = "Brand Assets";
				CODE_SIGN_IDENTITY = "iPhone Developer";
				FRAMEWORK_SEARCH_PATHS = (
					"$(inherited)",
					"$(PROJECT_DIR)",
				);
				INFOPLIST_FILE = "swift-weibo/Info.plist";
				LD_RUNPATH_SEARCH_PATHS = "$(inherited) @executable_path/Frameworks";
				OTHER_LDFLAGS = (
					"-ObjC",
					"-lz",
					"-framework",
					Reveal,
				);
				PRODUCT_BUNDLE_IDENTIFIER = "com.hejianxin.swift-weibo";
				PRODUCT_NAME = "$(TARGET_NAME)";
				SWIFT_OBJC_BRIDGING_HEADER = "swift-weibo/VVeibo-Bridge.h";
			};
			name = Debug;
		};
		353D6F321D2519D200F9CBA2 /* Release */ = {
			isa = XCBuildConfiguration;
			buildSettings = {
				ASSETCATALOG_COMPILER_APPICON_NAME = AppIcon;
				ASSETCATALOG_COMPILER_LAUNCHIMAGE_NAME = "Brand Assets";
				CODE_SIGN_IDENTITY = "iPhone Developer";
				FRAMEWORK_SEARCH_PATHS = (
					"$(inherited)",
					"$(PROJECT_DIR)",
				);
				INFOPLIST_FILE = "swift-weibo/Info.plist";
				LD_RUNPATH_SEARCH_PATHS = "$(inherited) @executable_path/Frameworks";
				OTHER_LDFLAGS = (
					"-ObjC",
					"-lz",
					"-framework",
					Reveal,
				);
				PRODUCT_BUNDLE_IDENTIFIER = "com.hejianxin.swift-weibo";
				PRODUCT_NAME = "$(TARGET_NAME)";
				SWIFT_OBJC_BRIDGING_HEADER = "swift-weibo/VVeibo-Bridge.h";
			};
			name = Release;
		};
		353D6F341D2519D200F9CBA2 /* Debug */ = {
			isa = XCBuildConfiguration;
			buildSettings = {
				BUNDLE_LOADER = "$(TEST_HOST)";
				INFOPLIST_FILE = "swift-weiboTests/Info.plist";
				LD_RUNPATH_SEARCH_PATHS = "$(inherited) @executable_path/Frameworks @loader_path/Frameworks";
				PRODUCT_BUNDLE_IDENTIFIER = "com.hejianxin.swift-weiboTests";
				PRODUCT_NAME = "$(TARGET_NAME)";
				TEST_HOST = "$(BUILT_PRODUCTS_DIR)/swift-weibo.app/swift-weibo";
			};
			name = Debug;
		};
		353D6F351D2519D200F9CBA2 /* Release */ = {
			isa = XCBuildConfiguration;
			buildSettings = {
				BUNDLE_LOADER = "$(TEST_HOST)";
				INFOPLIST_FILE = "swift-weiboTests/Info.plist";
				LD_RUNPATH_SEARCH_PATHS = "$(inherited) @executable_path/Frameworks @loader_path/Frameworks";
				PRODUCT_BUNDLE_IDENTIFIER = "com.hejianxin.swift-weiboTests";
				PRODUCT_NAME = "$(TARGET_NAME)";
				TEST_HOST = "$(BUILT_PRODUCTS_DIR)/swift-weibo.app/swift-weibo";
			};
			name = Release;
		};
		353D6F371D2519D200F9CBA2 /* Debug */ = {
			isa = XCBuildConfiguration;
			buildSettings = {
				INFOPLIST_FILE = "swift-weiboUITests/Info.plist";
				LD_RUNPATH_SEARCH_PATHS = "$(inherited) @executable_path/Frameworks @loader_path/Frameworks";
				PRODUCT_BUNDLE_IDENTIFIER = "com.hejianxin.swift-weiboUITests";
				PRODUCT_NAME = "$(TARGET_NAME)";
				TEST_TARGET_NAME = "swift-weibo";
			};
			name = Debug;
		};
		353D6F381D2519D200F9CBA2 /* Release */ = {
			isa = XCBuildConfiguration;
			buildSettings = {
				INFOPLIST_FILE = "swift-weiboUITests/Info.plist";
				LD_RUNPATH_SEARCH_PATHS = "$(inherited) @executable_path/Frameworks @loader_path/Frameworks";
				PRODUCT_BUNDLE_IDENTIFIER = "com.hejianxin.swift-weiboUITests";
				PRODUCT_NAME = "$(TARGET_NAME)";
				TEST_TARGET_NAME = "swift-weibo";
			};
			name = Release;
		};
/* End XCBuildConfiguration section */

/* Begin XCConfigurationList section */
		353D6F031D2519D200F9CBA2 /* Build configuration list for PBXProject "swift-weibo" */ = {
			isa = XCConfigurationList;
			buildConfigurations = (
				353D6F2E1D2519D200F9CBA2 /* Debug */,
				353D6F2F1D2519D200F9CBA2 /* Release */,
			);
			defaultConfigurationIsVisible = 0;
			defaultConfigurationName = Release;
		};
		353D6F301D2519D200F9CBA2 /* Build configuration list for PBXNativeTarget "swift-weibo" */ = {
			isa = XCConfigurationList;
			buildConfigurations = (
				353D6F311D2519D200F9CBA2 /* Debug */,
				353D6F321D2519D200F9CBA2 /* Release */,
			);
			defaultConfigurationIsVisible = 0;
			defaultConfigurationName = Release;
		};
		353D6F331D2519D200F9CBA2 /* Build configuration list for PBXNativeTarget "swift-weiboTests" */ = {
			isa = XCConfigurationList;
			buildConfigurations = (
				353D6F341D2519D200F9CBA2 /* Debug */,
				353D6F351D2519D200F9CBA2 /* Release */,
			);
			defaultConfigurationIsVisible = 0;
			defaultConfigurationName = Release;
		};
		353D6F361D2519D200F9CBA2 /* Build configuration list for PBXNativeTarget "swift-weiboUITests" */ = {
			isa = XCConfigurationList;
			buildConfigurations = (
				353D6F371D2519D200F9CBA2 /* Debug */,
				353D6F381D2519D200F9CBA2 /* Release */,
			);
			defaultConfigurationIsVisible = 0;
			defaultConfigurationName = Release;
		};
/* End XCConfigurationList section */
	};
	rootObject = 353D6F001D2519D200F9CBA2 /* Project object */;
}
